<?xml version="1.0" encoding="utf-8"?>
<Project ToolsVersion="4.0" xmlns="http://schemas.microsoft.com/developer/msbuild/2003">
  <ItemGroup>
    <Filter Include="Source Files">
      <UniqueIdentifier>{4FC737F1-C7A5-4376-A066-2A32D752A2FF}</UniqueIdentifier>
      <Extensions>cpp;c;cc;cxx;def;odl;idl;hpj;bat;asm;asmx</Extensions>
    </Filter>
    <Filter Include="Header Files">
      <UniqueIdentifier>{93995380-89BD-4b04-88EB-625FBE52EBFB}</UniqueIdentifier>
      <Extensions>h;hpp;hxx;hm;inl;inc;xsd</Extensions>
    </Filter>
    <Filter Include="Resource Files">
      <UniqueIdentifier>{67DA6AB6-F800-4c08-8B7A-83BB121AAD01}</UniqueIdentifier>
      <Extensions>rc;ico;cur;bmp;dlg;rc2;rct;bin;rgs;gif;jpg;jpeg;jpe;resx;tiff;tif;png;wav;mfcribbon-ms</Extensions>
    </Filter>
    <Filter Include="Header Files\ESP">
      <UniqueIdentifier>{dadb7319-c73a-4b84-b440-abda8463b018}</UniqueIdentifier>
    </Filter>
    <Filter Include="Header Files\Aimbot">
      <UniqueIdentifier>{241187b9-e0e5-4110-aeaa-547b4f2e523c}</UniqueIdentifier>
    </Filter>
    <Filter Include="Header Files\Misc">
      <UniqueIdentifier>{53dbd5a4-40bd-41c5-83d8-6df2c538b4af}</UniqueIdentifier>
    </Filter>
    <Filter Include="Header Files\Colours">
      <UniqueIdentifier>{4440189c-25ad-41b2-b189-8a0bd654b86a}</UniqueIdentifier>
    </Filter>
    <Filter Include="Source Files\ESP">
      <UniqueIdentifier>{e4994e60-e4d4-40de-be61-4b6b9ca9433c}</UniqueIdentifier>
    </Filter>
  </ItemGroup>
  <ItemGroup>
    <ClCompile Include="Hook.cpp">
      <Filter>Source Files</Filter>
    </ClCompile>
    <ClCompile Include="Main.cpp">
      <Filter>Source Files</Filter>
    </ClCompile>
    <ClCompile Include="SDK.cpp">
      <Filter>Resource Files</Filter>
    </ClCompile>
    <ClCompile Include="Structs.cpp">
      <Filter>Resource Files</Filter>
    </ClCompile>
    <ClCompile Include="Math.cpp">
      <Filter>Resource Files</Filter>
    </ClCompile>
    <ClCompile Include="Client.cpp">
      <Filter>Source Files</Filter>
    </ClCompile>
    <ClCompile Include="Utils.cpp">
      <Filter>Source Files</Filter>
    </ClCompile>
    <ClCompile Include="Menu.cpp">
      <Filter>Source Files</Filter>
    </ClCompile>
    <ClCompile Include="Mouse.cpp">
      <Filter>Source Files</Filter>
    </ClCompile>
    <ClCompile Include="Cvars.cpp">
      <Filter>Source Files</Filter>
    </ClCompile>
    <ClCompile Include="Radar.cpp">
      <Filter>Source Files</Filter>
    </ClCompile>
    <ClCompile Include="CRC32.cpp">
      <Filter>Resource Files</Filter>
    </ClCompile>
    <ClCompile Include="Log.cpp">
      <Filter>Source Files</Filter>
    </ClCompile>
    <ClCompile Include="Netvars.cpp">
      <Filter>Source Files</Filter>
    </ClCompile>
    <ClCompile Include="AntiAim.cpp">
      <Filter>Source Files</Filter>
    </ClCompile>
    <ClCompile Include="Chams.cpp">
      <Filter>Source Files</Filter>
    </ClCompile>
    <ClCompile Include="esp.cpp">
      <Filter>Source Files\ESP</Filter>
    </ClCompile>
    <ClCompile Include="ESPPositions.cpp">
      <Filter>Source Files\ESP</Filter>
    </ClCompile>
  </ItemGroup>
  <ItemGroup>
    <ClInclude Include="Hook.h">
      <Filter>Header Files</Filter>
    </ClInclude>
    <ClInclude Include="Main.h">
      <Filter>Header Files</Filter>
    </ClInclude>
    <ClInclude Include="SDK.h">
      <Filter>Resource Files</Filter>
    </ClInclude>
    <ClInclude Include="Structs.h">
      <Filter>Resource Files</Filter>
    </ClInclude>
    <ClInclude Include="Math.h">
      <Filter>Resource Files</Filter>
    </ClInclude>
    <ClInclude Include="Utils.h">
      <Filter>Header Files</Filter>
    </ClInclude>
    <ClInclude Include="Menu.h">
      <Filter>Header Files</Filter>
    </ClInclude>
    <ClInclude Include="Mouse.h">
      <Filter>Header Files</Filter>
    </ClInclude>
    <ClInclude Include="xorstring.h">
      <Filter>Header Files</Filter>
    </ClInclude>
    <ClInclude Include="Cvars.h">
      <Filter>Header Files</Filter>
    </ClInclude>
    <ClInclude Include="Radar.h">
      <Filter>Header Files</Filter>
    </ClInclude>
    <ClInclude Include="CRC32.h">
      <Filter>Resource Files</Filter>
    </ClInclude>
    <ClInclude Include="Log.h">
      <Filter>Header Files</Filter>
    </ClInclude>
    <ClInclude Include="Netvars.h">
      <Filter>Header Files</Filter>
    </ClInclude>
    <ClInclude Include="AntiAim.h">
      <Filter>Header Files</Filter>
    </ClInclude>
    <ClInclude Include="Chams.h">
      <Filter>Header Files</Filter>
    </ClInclude>
    <ClInclude Include="esp.h">
      <Filter>Header Files\ESP</Filter>
    </ClInclude>
    <ClInclude Include="ESPPositions.h">
      <Filter>Header Files\ESP</Filter>
    </ClInclude>
  </ItemGroup>
  <ItemGroup>
    <None Include="xorGen.htm">
      <Filter>Resource Files</Filter>
    </None>
  </ItemGroup>
</Project>